// !$*UTF8*$!
{
	archiveVersion = 1;
	classes = {
	};
	objectVersion = 46;
	objects = {

/* Begin PBXBuildFile section */
		FE059F801C2F7B2E00B7A8F8 /* AppDelegate.swift in Sources */ = {isa = PBXBuildFile; fileRef = FE059F7F1C2F7B2E00B7A8F8 /* AppDelegate.swift */; };
		FE059F851C2F7B2E00B7A8F8 /* Main.storyboard in Resources */ = {isa = PBXBuildFile; fileRef = FE059F831C2F7B2E00B7A8F8 /* Main.storyboard */; };
		FE059F871C2F7B2E00B7A8F8 /* Assets.xcassets in Resources */ = {isa = PBXBuildFile; fileRef = FE059F861C2F7B2E00B7A8F8 /* Assets.xcassets */; };
		FE059F8A1C2F7B2E00B7A8F8 /* LaunchScreen.storyboard in Resources */ = {isa = PBXBuildFile; fileRef = FE059F881C2F7B2E00B7A8F8 /* LaunchScreen.storyboard */; };
		FE059F921C2F7B8D00B7A8F8 /* LevelViewController.swift in Sources */ = {isa = PBXBuildFile; fileRef = FE059F911C2F7B8D00B7A8F8 /* LevelViewController.swift */; };
		FE28DFF81C5D02AC00DE7DBD /* HighScoreViewController.swift in Sources */ = {isa = PBXBuildFile; fileRef = FE28DFF71C5D02AC00DE7DBD /* HighScoreViewController.swift */; };
		FE456C2B1C5FD5B400C15775 /* HighScore.swift in Sources */ = {isa = PBXBuildFile; fileRef = FE456C2A1C5FD5B400C15775 /* HighScore.swift */; };
		FEC13C541C626C1D008D7AFC /* 0.png in Resources */ = {isa = PBXBuildFile; fileRef = FEC13C3A1C626C1D008D7AFC /* 0.png */; };
		FEC13C551C626C1D008D7AFC /* 0@2x.png in Resources */ = {isa = PBXBuildFile; fileRef = FEC13C3B1C626C1D008D7AFC /* 0@2x.png */; };
		FEC13C561C626C1D008D7AFC /* 1.png in Resources */ = {isa = PBXBuildFile; fileRef = FEC13C3C1C626C1D008D7AFC /* 1.png */; };
		FEC13C571C626C1D008D7AFC /* 1@2x.png in Resources */ = {isa = PBXBuildFile; fileRef = FEC13C3D1C626C1D008D7AFC /* 1@2x.png */; };
		FEC13C581C626C1D008D7AFC /* 2.png in Resources */ = {isa = PBXBuildFile; fileRef = FEC13C3E1C626C1D008D7AFC /* 2.png */; };
		FEC13C591C626C1D008D7AFC /* 2@2x.png in Resources */ = {isa = PBXBuildFile; fileRef = FEC13C3F1C626C1D008D7AFC /* 2@2x.png */; };
		FEC13C5A1C626C1D008D7AFC /* 3.png in Resources */ = {isa = PBXBuildFile; fileRef = FEC13C401C626C1D008D7AFC /* 3.png */; };
		FEC13C5B1C626C1D008D7AFC /* 3@2x.png in Resources */ = {isa = PBXBuildFile; fileRef = FEC13C411C626C1D008D7AFC /* 3@2x.png */; };
		FEC13C5C1C626C1D008D7AFC /* 4.png in Resources */ = {isa = PBXBuildFile; fileRef = FEC13C421C626C1D008D7AFC /* 4.png */; };
		FEC13C5D1C626C1D008D7AFC /* 4@2x.png in Resources */ = {isa = PBXBuildFile; fileRef = FEC13C431C626C1D008D7AFC /* 4@2x.png */; };
		FEC13C5E1C626C1D008D7AFC /* 5.png in Resources */ = {isa = PBXBuildFile; fileRef = FEC13C441C626C1D008D7AFC /* 5.png */; };
		FEC13C5F1C626C1D008D7AFC /* 5@2x.png in Resources */ = {isa = PBXBuildFile; fileRef = FEC13C451C626C1D008D7AFC /* 5@2x.png */; };
		FEC13C601C626C1D008D7AFC /* 6.png in Resources */ = {isa = PBXBuildFile; fileRef = FEC13C461C626C1D008D7AFC /* 6.png */; };
		FEC13C611C626C1D008D7AFC /* 6@2x.png in Resources */ = {isa = PBXBuildFile; fileRef = FEC13C471C626C1D008D7AFC /* 6@2x.png */; };
		FEC13C621C626C1D008D7AFC /* 7.png in Resources */ = {isa = PBXBuildFile; fileRef = FEC13C481C626C1D008D7AFC /* 7.png */; };
		FEC13C631C626C1D008D7AFC /* 7@2x.png in Resources */ = {isa = PBXBuildFile; fileRef = FEC13C491C626C1D008D7AFC /* 7@2x.png */; };
		FEC13C641C626C1D008D7AFC /* 8.png in Resources */ = {isa = PBXBuildFile; fileRef = FEC13C4A1C626C1D008D7AFC /* 8.png */; };
		FEC13C651C626C1D008D7AFC /* 8@2x.png in Resources */ = {isa = PBXBuildFile; fileRef = FEC13C4B1C626C1D008D7AFC /* 8@2x.png */; };
		FEC13C661C626C1D008D7AFC /* flag.png in Resources */ = {isa = PBXBuildFile; fileRef = FEC13C4C1C626C1D008D7AFC /* flag.png */; };
		FEC13C671C626C1D008D7AFC /* flag@2x.png in Resources */ = {isa = PBXBuildFile; fileRef = FEC13C4D1C626C1D008D7AFC /* flag@2x.png */; };
		FEC13C681C626C1D008D7AFC /* flagged.png in Resources */ = {isa = PBXBuildFile; fileRef = FEC13C4E1C626C1D008D7AFC /* flagged.png */; };
		FEC13C691C626C1D008D7AFC /* flagged@2x.png in Resources */ = {isa = PBXBuildFile; fileRef = FEC13C4F1C626C1D008D7AFC /* flagged@2x.png */; };
		FEC13C6A1C626C1D008D7AFC /* mine.png in Resources */ = {isa = PBXBuildFile; fileRef = FEC13C501C626C1D008D7AFC /* mine.png */; };
		FEC13C6B1C626C1D008D7AFC /* mine@2x.png in Resources */ = {isa = PBXBuildFile; fileRef = FEC13C511C626C1D008D7AFC /* mine@2x.png */; };
		FEC13C6C1C626C1D008D7AFC /* unopened.png in Resources */ = {isa = PBXBuildFile; fileRef = FEC13C521C626C1D008D7AFC /* unopened.png */; };
		FEC13C6D1C626C1D008D7AFC /* unopened@2x.png in Resources */ = {isa = PBXBuildFile; fileRef = FEC13C531C626C1D008D7AFC /* unopened@2x.png */; };
		FEC13C6F1C63E1FC008D7AFC /* BoardSetting.swift in Sources */ = {isa = PBXBuildFile; fileRef = FEC13C6E1C63E1FC008D7AFC /* BoardSetting.swift */; };
		FEE07C191C31F3FD009CE46A /* SquareButton.swift in Sources */ = {isa = PBXBuildFile; fileRef = FEE07C181C31F3FD009CE46A /* SquareButton.swift */; };
		FEE686F21C2FC851009116F4 /* BoardViewController.swift in Sources */ = {isa = PBXBuildFile; fileRef = FEE686F11C2FC851009116F4 /* BoardViewController.swift */; };
		FEE686F41C30542A009116F4 /* Minesweeper.swift in Sources */ = {isa = PBXBuildFile; fileRef = FEE686F31C30542A009116F4 /* Minesweeper.swift */; };
		FEE87B5F1C45CE1700E1A473 /* Settings.xcdatamodeld in Sources */ = {isa = PBXBuildFile; fileRef = FEE87B5D1C45CE1700E1A473 /* Settings.xcdatamodeld */; };
/* End PBXBuildFile section */

/* Begin PBXFileReference section */
		FE059F7C1C2F7B2E00B7A8F8 /* MinesweeperTakeOne.app */ = {isa = PBXFileReference; explicitFileType = wrapper.application; includeInIndex = 0; path = MinesweeperTakeOne.app; sourceTree = BUILT_PRODUCTS_DIR; };
		FE059F7F1C2F7B2E00B7A8F8 /* AppDelegate.swift */ = {isa = PBXFileReference; lastKnownFileType = sourcecode.swift; path = AppDelegate.swift; sourceTree = "<group>"; };
		FE059F841C2F7B2E00B7A8F8 /* Base */ = {isa = PBXFileReference; lastKnownFileType = file.storyboard; name = Base; path = Base.lproj/Main.storyboard; sourceTree = "<group>"; };
		FE059F861C2F7B2E00B7A8F8 /* Assets.xcassets */ = {isa = PBXFileReference; lastKnownFileType = folder.assetcatalog; path = Assets.xcassets; sourceTree = "<group>"; };
		FE059F891C2F7B2E00B7A8F8 /* Base */ = {isa = PBXFileReference; lastKnownFileType = file.storyboard; name = Base; path = Base.lproj/LaunchScreen.storyboard; sourceTree = "<group>"; };
		FE059F8B1C2F7B2E00B7A8F8 /* Info.plist */ = {isa = PBXFileReference; lastKnownFileType = text.plist.xml; path = Info.plist; sourceTree = "<group>"; };
		FE059F911C2F7B8D00B7A8F8 /* LevelViewController.swift */ = {isa = PBXFileReference; fileEncoding = 4; lastKnownFileType = sourcecode.swift; path = LevelViewController.swift; sourceTree = "<group>"; };
		FE28DFF71C5D02AC00DE7DBD /* HighScoreViewController.swift */ = {isa = PBXFileReference; fileEncoding = 4; lastKnownFileType = sourcecode.swift; path = HighScoreViewController.swift; sourceTree = "<group>"; };
		FE456C2A1C5FD5B400C15775 /* HighScore.swift */ = {isa = PBXFileReference; fileEncoding = 4; lastKnownFileType = sourcecode.swift; path = HighScore.swift; sourceTree = "<group>"; };
		FEC13C3A1C626C1D008D7AFC /* 0.png */ = {isa = PBXFileReference; lastKnownFileType = image.png; name = 0.png; path = Images/0.png; sourceTree = "<group>"; };
		FEC13C3B1C626C1D008D7AFC /* 0@2x.png */ = {isa = PBXFileReference; lastKnownFileType = image.png; name = "0@2x.png"; path = "Images/0@2x.png"; sourceTree = "<group>"; };
		FEC13C3C1C626C1D008D7AFC /* 1.png */ = {isa = PBXFileReference; lastKnownFileType = image.png; name = 1.png; path = Images/1.png; sourceTree = "<group>"; };
		FEC13C3D1C626C1D008D7AFC /* 1@2x.png */ = {isa = PBXFileReference; lastKnownFileType = image.png; name = "1@2x.png"; path = "Images/1@2x.png"; sourceTree = "<group>"; };
		FEC13C3E1C626C1D008D7AFC /* 2.png */ = {isa = PBXFileReference; lastKnownFileType = image.png; name = 2.png; path = Images/2.png; sourceTree = "<group>"; };
		FEC13C3F1C626C1D008D7AFC /* 2@2x.png */ = {isa = PBXFileReference; lastKnownFileType = image.png; name = "2@2x.png"; path = "Images/2@2x.png"; sourceTree = "<group>"; };
		FEC13C401C626C1D008D7AFC /* 3.png */ = {isa = PBXFileReference; lastKnownFileType = image.png; name = 3.png; path = Images/3.png; sourceTree = "<group>"; };
		FEC13C411C626C1D008D7AFC /* 3@2x.png */ = {isa = PBXFileReference; lastKnownFileType = image.png; name = "3@2x.png"; path = "Images/3@2x.png"; sourceTree = "<group>"; };
		FEC13C421C626C1D008D7AFC /* 4.png */ = {isa = PBXFileReference; lastKnownFileType = image.png; name = 4.png; path = Images/4.png; sourceTree = "<group>"; };
		FEC13C431C626C1D008D7AFC /* 4@2x.png */ = {isa = PBXFileReference; lastKnownFileType = image.png; name = "4@2x.png"; path = "Images/4@2x.png"; sourceTree = "<group>"; };
		FEC13C441C626C1D008D7AFC /* 5.png */ = {isa = PBXFileReference; lastKnownFileType = image.png; name = 5.png; path = Images/5.png; sourceTree = "<group>"; };
		FEC13C451C626C1D008D7AFC /* 5@2x.png */ = {isa = PBXFileReference; lastKnownFileType = image.png; name = "5@2x.png"; path = "Images/5@2x.png"; sourceTree = "<group>"; };
		FEC13C461C626C1D008D7AFC /* 6.png */ = {isa = PBXFileReference; lastKnownFileType = image.png; name = 6.png; path = Images/6.png; sourceTree = "<group>"; };
		FEC13C471C626C1D008D7AFC /* 6@2x.png */ = {isa = PBXFileReference; lastKnownFileType = image.png; name = "6@2x.png"; path = "Images/6@2x.png"; sourceTree = "<group>"; };
		FEC13C481C626C1D008D7AFC /* 7.png */ = {isa = PBXFileReference; lastKnownFileType = image.png; name = 7.png; path = Images/7.png; sourceTree = "<group>"; };
		FEC13C491C626C1D008D7AFC /* 7@2x.png */ = {isa = PBXFileReference; lastKnownFileType = image.png; name = "7@2x.png"; path = "Images/7@2x.png"; sourceTree = "<group>"; };
		FEC13C4A1C626C1D008D7AFC /* 8.png */ = {isa = PBXFileReference; lastKnownFileType = image.png; name = 8.png; path = Images/8.png; sourceTree = "<group>"; };
		FEC13C4B1C626C1D008D7AFC /* 8@2x.png */ = {isa = PBXFileReference; lastKnownFileType = image.png; name = "8@2x.png"; path = "Images/8@2x.png"; sourceTree = "<group>"; };
		FEC13C4C1C626C1D008D7AFC /* flag.png */ = {isa = PBXFileReference; lastKnownFileType = image.png; name = flag.png; path = Images/flag.png; sourceTree = "<group>"; };
		FEC13C4D1C626C1D008D7AFC /* flag@2x.png */ = {isa = PBXFileReference; lastKnownFileType = image.png; name = "flag@2x.png"; path = "Images/flag@2x.png"; sourceTree = "<group>"; };
		FEC13C4E1C626C1D008D7AFC /* flagged.png */ = {isa = PBXFileReference; lastKnownFileType = image.png; name = flagged.png; path = Images/flagged.png; sourceTree = "<group>"; };
		FEC13C4F1C626C1D008D7AFC /* flagged@2x.png */ = {isa = PBXFileReference; lastKnownFileType = image.png; name = "flagged@2x.png"; path = "Images/flagged@2x.png"; sourceTree = "<group>"; };
		FEC13C501C626C1D008D7AFC /* mine.png */ = {isa = PBXFileReference; lastKnownFileType = image.png; name = mine.png; path = Images/mine.png; sourceTree = "<group>"; };
		FEC13C511C626C1D008D7AFC /* mine@2x.png */ = {isa = PBXFileReference; lastKnownFileType = image.png; name = "mine@2x.png"; path = "Images/mine@2x.png"; sourceTree = "<group>"; };
		FEC13C521C626C1D008D7AFC /* unopened.png */ = {isa = PBXFileReference; lastKnownFileType = image.png; name = unopened.png; path = Images/unopened.png; sourceTree = "<group>"; };
		FEC13C531C626C1D008D7AFC /* unopened@2x.png */ = {isa = PBXFileReference; lastKnownFileType = image.png; name = "unopened@2x.png"; path = "Images/unopened@2x.png"; sourceTree = "<group>"; };
		FEC13C6E1C63E1FC008D7AFC /* BoardSetting.swift */ = {isa = PBXFileReference; fileEncoding = 4; lastKnownFileType = sourcecode.swift; path = BoardSetting.swift; sourceTree = "<group>"; };
		FEE07C181C31F3FD009CE46A /* SquareButton.swift */ = {isa = PBXFileReference; fileEncoding = 4; lastKnownFileType = sourcecode.swift; path = SquareButton.swift; sourceTree = "<group>"; };
		FEE686F11C2FC851009116F4 /* BoardViewController.swift */ = {isa = PBXFileReference; fileEncoding = 4; lastKnownFileType = sourcecode.swift; path = BoardViewController.swift; sourceTree = "<group>"; };
		FEE686F31C30542A009116F4 /* Minesweeper.swift */ = {isa = PBXFileReference; fileEncoding = 4; lastKnownFileType = sourcecode.swift; path = Minesweeper.swift; sourceTree = "<group>"; };
		FEE87B5E1C45CE1700E1A473 /* Settings.xcdatamodel */ = {isa = PBXFileReference; lastKnownFileType = wrapper.xcdatamodel; path = Settings.xcdatamodel; sourceTree = "<group>"; };
/* End PBXFileReference section */

/* Begin PBXFrameworksBuildPhase section */
		FE059F791C2F7B2E00B7A8F8 /* Frameworks */ = {
			isa = PBXFrameworksBuildPhase;
			buildActionMask = 2147483647;
			files = (
			);
			runOnlyForDeploymentPostprocessing = 0;
		};
/* End PBXFrameworksBuildPhase section */

/* Begin PBXGroup section */
		FE059F731C2F7B2E00B7A8F8 = {
			isa = PBXGroup;
			children = (
				FE059F7E1C2F7B2E00B7A8F8 /* MinesweeperTakeOne */,
				FE059F7D1C2F7B2E00B7A8F8 /* Products */,
				FEFE9E8F1C40B3A4008D6452 /* assets */,
			);
			sourceTree = "<group>";
		};
		FE059F7D1C2F7B2E00B7A8F8 /* Products */ = {
			isa = PBXGroup;
			children = (
				FE059F7C1C2F7B2E00B7A8F8 /* MinesweeperTakeOne.app */,
			);
			name = Products;
			sourceTree = "<group>";
		};
		FE059F7E1C2F7B2E00B7A8F8 /* MinesweeperTakeOne */ = {
			isa = PBXGroup;
			children = (
				FE059F7F1C2F7B2E00B7A8F8 /* AppDelegate.swift */,
				FE059F911C2F7B8D00B7A8F8 /* LevelViewController.swift */,
				FE28DFF71C5D02AC00DE7DBD /* HighScoreViewController.swift */,
				FEE686F11C2FC851009116F4 /* BoardViewController.swift */,
				FEE07C181C31F3FD009CE46A /* SquareButton.swift */,
				FEE686F31C30542A009116F4 /* Minesweeper.swift */,
				FEC13C6E1C63E1FC008D7AFC /* BoardSetting.swift */,
				FE456C2A1C5FD5B400C15775 /* HighScore.swift */,
				FE059F831C2F7B2E00B7A8F8 /* Main.storyboard */,
				FE059F861C2F7B2E00B7A8F8 /* Assets.xcassets */,
				FEE87B5D1C45CE1700E1A473 /* Settings.xcdatamodeld */,
				FE059F881C2F7B2E00B7A8F8 /* LaunchScreen.storyboard */,
				FE059F8B1C2F7B2E00B7A8F8 /* Info.plist */,
			);
			path = MinesweeperTakeOne;
			sourceTree = "<group>";
		};
		FEFE9E8F1C40B3A4008D6452 /* assets */ = {
			isa = PBXGroup;
			children = (
				FEC13C3A1C626C1D008D7AFC /* 0.png */,
				FEC13C3B1C626C1D008D7AFC /* 0@2x.png */,
				FEC13C3C1C626C1D008D7AFC /* 1.png */,
				FEC13C3D1C626C1D008D7AFC /* 1@2x.png */,
				FEC13C3E1C626C1D008D7AFC /* 2.png */,
				FEC13C3F1C626C1D008D7AFC /* 2@2x.png */,
				FEC13C401C626C1D008D7AFC /* 3.png */,
				FEC13C411C626C1D008D7AFC /* 3@2x.png */,
				FEC13C421C626C1D008D7AFC /* 4.png */,
				FEC13C431C626C1D008D7AFC /* 4@2x.png */,
				FEC13C441C626C1D008D7AFC /* 5.png */,
				FEC13C451C626C1D008D7AFC /* 5@2x.png */,
				FEC13C461C626C1D008D7AFC /* 6.png */,
				FEC13C471C626C1D008D7AFC /* 6@2x.png */,
				FEC13C481C626C1D008D7AFC /* 7.png */,
				FEC13C491C626C1D008D7AFC /* 7@2x.png */,
				FEC13C4A1C626C1D008D7AFC /* 8.png */,
				FEC13C4B1C626C1D008D7AFC /* 8@2x.png */,
				FEC13C4C1C626C1D008D7AFC /* flag.png */,
				FEC13C4D1C626C1D008D7AFC /* flag@2x.png */,
				FEC13C4E1C626C1D008D7AFC /* flagged.png */,
				FEC13C4F1C626C1D008D7AFC /* flagged@2x.png */,
				FEC13C501C626C1D008D7AFC /* mine.png */,
				FEC13C511C626C1D008D7AFC /* mine@2x.png */,
				FEC13C521C626C1D008D7AFC /* unopened.png */,
				FEC13C531C626C1D008D7AFC /* unopened@2x.png */,
			);
			name = assets;
			sourceTree = "<group>";
		};
/* End PBXGroup section */

/* Begin PBXNativeTarget section */
		FE059F7B1C2F7B2E00B7A8F8 /* MinesweeperTakeOne */ = {
			isa = PBXNativeTarget;
			buildConfigurationList = FE059F8E1C2F7B2E00B7A8F8 /* Build configuration list for PBXNativeTarget "MinesweeperTakeOne" */;
			buildPhases = (
				FE059F781C2F7B2E00B7A8F8 /* Sources */,
				FE059F791C2F7B2E00B7A8F8 /* Frameworks */,
				FE059F7A1C2F7B2E00B7A8F8 /* Resources */,
			);
			buildRules = (
			);
			dependencies = (
			);
			name = MinesweeperTakeOne;
			productName = MinesweeperTakeOne;
			productReference = FE059F7C1C2F7B2E00B7A8F8 /* MinesweeperTakeOne.app */;
			productType = "com.apple.product-type.application";
		};
/* End PBXNativeTarget section */

/* Begin PBXProject section */
		FE059F741C2F7B2E00B7A8F8 /* Project object */ = {
			isa = PBXProject;
			attributes = {
				LastSwiftUpdateCheck = 0710;
				LastUpgradeCheck = 0710;
				ORGANIZATIONNAME = "Vincent Polidoro";
				TargetAttributes = {
					FE059F7B1C2F7B2E00B7A8F8 = {
						CreatedOnToolsVersion = 7.1.1;
						DevelopmentTeam = RL5NP655SR;
					};
				};
			};
			buildConfigurationList = FE059F771C2F7B2E00B7A8F8 /* Build configuration list for PBXProject "MinesweeperTakeOne" */;
			compatibilityVersion = "Xcode 3.2";
			developmentRegion = English;
			hasScannedForEncodings = 0;
			knownRegions = (
				en,
				Base,
			);
			mainGroup = FE059F731C2F7B2E00B7A8F8;
			productRefGroup = FE059F7D1C2F7B2E00B7A8F8 /* Products */;
			projectDirPath = "";
			projectRoot = "";
			targets = (
				FE059F7B1C2F7B2E00B7A8F8 /* MinesweeperTakeOne */,
			);
		};
/* End PBXProject section */

/* Begin PBXResourcesBuildPhase section */
		FE059F7A1C2F7B2E00B7A8F8 /* Resources */ = {
			isa = PBXResourcesBuildPhase;
			buildActionMask = 2147483647;
			files = (
				FEC13C641C626C1D008D7AFC /* 8.png in Resources */,
				FEC13C5C1C626C1D008D7AFC /* 4.png in Resources */,
				FEC13C691C626C1D008D7AFC /* flagged@2x.png in Resources */,
				FEC13C611C626C1D008D7AFC /* 6@2x.png in Resources */,
				FEC13C591C626C1D008D7AFC /* 2@2x.png in Resources */,
				FEC13C541C626C1D008D7AFC /* 0.png in Resources */,
				FE059F8A1C2F7B2E00B7A8F8 /* LaunchScreen.storyboard in Resources */,
				FEC13C651C626C1D008D7AFC /* 8@2x.png in Resources */,
				FEC13C581C626C1D008D7AFC /* 2.png in Resources */,
				FEC13C551C626C1D008D7AFC /* 0@2x.png in Resources */,
				FEC13C5B1C626C1D008D7AFC /* 3@2x.png in Resources */,
				FEC13C5A1C626C1D008D7AFC /* 3.png in Resources */,
				FEC13C6A1C626C1D008D7AFC /* mine.png in Resources */,
				FEC13C621C626C1D008D7AFC /* 7.png in Resources */,
				FEC13C631C626C1D008D7AFC /* 7@2x.png in Resources */,
				FEC13C561C626C1D008D7AFC /* 1.png in Resources */,
				FEC13C5D1C626C1D008D7AFC /* 4@2x.png in Resources */,
				FE059F871C2F7B2E00B7A8F8 /* Assets.xcassets in Resources */,
				FEC13C681C626C1D008D7AFC /* flagged.png in Resources */,
				FEC13C6D1C626C1D008D7AFC /* unopened@2x.png in Resources */,
				FEC13C671C626C1D008D7AFC /* flag@2x.png in Resources */,
				FEC13C6B1C626C1D008D7AFC /* mine@2x.png in Resources */,
				FEC13C5E1C626C1D008D7AFC /* 5.png in Resources */,
				FEC13C5F1C626C1D008D7AFC /* 5@2x.png in Resources */,
				FE059F851C2F7B2E00B7A8F8 /* Main.storyboard in Resources */,
				FEC13C601C626C1D008D7AFC /* 6.png in Resources */,
				FEC13C6C1C626C1D008D7AFC /* unopened.png in Resources */,
				FEC13C571C626C1D008D7AFC /* 1@2x.png in Resources */,
				FEC13C661C626C1D008D7AFC /* flag.png in Resources */,
			);
			runOnlyForDeploymentPostprocessing = 0;
		};
/* End PBXResourcesBuildPhase section */

/* Begin PBXSourcesBuildPhase section */
		FE059F781C2F7B2E00B7A8F8 /* Sources */ = {
			isa = PBXSourcesBuildPhase;
			buildActionMask = 2147483647;
			files = (
				FEE87B5F1C45CE1700E1A473 /* Settings.xcdatamodeld in Sources */,
				FE28DFF81C5D02AC00DE7DBD /* HighScoreViewController.swift in Sources */,
				FEE686F41C30542A009116F4 /* Minesweeper.swift in Sources */,
				FE059F921C2F7B8D00B7A8F8 /* LevelViewController.swift in Sources */,
				FEE07C191C31F3FD009CE46A /* SquareButton.swift in Sources */,
				FE059F801C2F7B2E00B7A8F8 /* AppDelegate.swift in Sources */,
				FEC13C6F1C63E1FC008D7AFC /* BoardSetting.swift in Sources */,
				FE456C2B1C5FD5B400C15775 /* HighScore.swift in Sources */,
				FEE686F21C2FC851009116F4 /* BoardViewController.swift in Sources */,
			);
			runOnlyForDeploymentPostprocessing = 0;
		};
/* End PBXSourcesBuildPhase section */

/* Begin PBXVariantGroup section */
		FE059F831C2F7B2E00B7A8F8 /* Main.storyboard */ = {
			isa = PBXVariantGroup;
			children = (
				FE059F841C2F7B2E00B7A8F8 /* Base */,
			);
			name = Main.storyboard;
			sourceTree = "<group>";
		};
		FE059F881C2F7B2E00B7A8F8 /* LaunchScreen.storyboard */ = {
			isa = PBXVariantGroup;
			children = (
				FE059F891C2F7B2E00B7A8F8 /* Base */,
			);
			name = LaunchScreen.storyboard;
			sourceTree = "<group>";
		};
/* End PBXVariantGroup section */

/* Begin XCBuildConfiguration section */
		FE059F8C1C2F7B2E00B7A8F8 /* Debug */ = {
			isa = XCBuildConfiguration;
			buildSettings = {
				ALWAYS_SEARCH_USER_PATHS = NO;
				CLANG_CXX_LANGUAGE_STANDARD = "gnu++0x";
				CLANG_CXX_LIBRARY = "libc++";
				CLANG_ENABLE_MODULES = YES;
				CLANG_ENABLE_OBJC_ARC = YES;
				CLANG_WARN_BOOL_CONVERSION = YES;
				CLANG_WARN_CONSTANT_CONVERSION = YES;
				CLANG_WARN_DIRECT_OBJC_ISA_USAGE = YES_ERROR;
				CLANG_WARN_EMPTY_BODY = YES;
				CLANG_WARN_ENUM_CONVERSION = YES;
				CLANG_WARN_INT_CONVERSION = YES;
				CLANG_WARN_OBJC_ROOT_CLASS = YES_ERROR;
				CLANG_WARN_UNREACHABLE_CODE = YES;
				CLANG_WARN__DUPLICATE_METHOD_MATCH = YES;
				"CODE_SIGN_IDENTITY[sdk=iphoneos*]" = "iPhone Developer";
				COPY_PHASE_STRIP = NO;
				DEBUG_INFORMATION_FORMAT = dwarf;
				ENABLE_STRICT_OBJC_MSGSEND = YES;
				ENABLE_TESTABILITY = YES;
				GCC_C_LANGUAGE_STANDARD = gnu99;
				GCC_DYNAMIC_NO_PIC = NO;
				GCC_NO_COMMON_BLOCKS = YES;
				GCC_OPTIMIZATION_LEVEL = 0;
				GCC_PREPROCESSOR_DEFINITIONS = (
					"DEBUG=1",
					"$(inherited)",
				);
				GCC_WARN_64_TO_32_BIT_CONVERSION = YES;
				GCC_WARN_ABOUT_RETURN_TYPE = YES_ERROR;
				GCC_WARN_UNDECLARED_SELECTOR = YES;
				GCC_WARN_UNINITIALIZED_AUTOS = YES_AGGRESSIVE;
				GCC_WARN_UNUSED_FUNCTION = YES;
				GCC_WARN_UNUSED_VARIABLE = YES;
				IPHONEOS_DEPLOYMENT_TARGET = 9.1;
				MTL_ENABLE_DEBUG_INFO = YES;
				ONLY_ACTIVE_ARCH = YES;
				SDKROOT = iphoneos;
				SWIFT_OPTIMIZATION_LEVEL = "-Onone";
			};
			name = Debug;
		};
		FE059F8D1C2F7B2E00B7A8F8 /* Release */ = {
			isa = XCBuildConfiguration;
			buildSettings = {
				ALWAYS_SEARCH_USER_PATHS = NO;
				CLANG_CXX_LANGUAGE_STANDARD = "gnu++0x";
				CLANG_CXX_LIBRARY = "libc++";
				CLANG_ENABLE_MODULES = YES;
				CLANG_ENABLE_OBJC_ARC = YES;
				CLANG_WARN_BOOL_CONVERSION = YES;
				CLANG_WARN_CONSTANT_CONVERSION = YES;
				CLANG_WARN_DIRECT_OBJC_ISA_USAGE = YES_ERROR;
				CLANG_WARN_EMPTY_BODY = YES;
				CLANG_WARN_ENUM_CONVERSION = YES;
				CLANG_WARN_INT_CONVERSION = YES;
				CLANG_WARN_OBJC_ROOT_CLASS = YES_ERROR;
				CLANG_WARN_UNREACHABLE_CODE = YES;
				CLANG_WARN__DUPLICATE_METHOD_MATCH = YES;
				"CODE_SIGN_IDENTITY[sdk=iphoneos*]" = "iPhone Developer";
				COPY_PHASE_STRIP = NO;
				DEBUG_INFORMATION_FORMAT = "dwarf-with-dsym";
				ENABLE_NS_ASSERTIONS = NO;
				ENABLE_STRICT_OBJC_MSGSEND = YES;
				GCC_C_LANGUAGE_STANDARD = gnu99;
				GCC_NO_COMMON_BLOCKS = YES;
				GCC_WARN_64_TO_32_BIT_CONVERSION = YES;
				GCC_WARN_ABOUT_RETURN_TYPE = YES_ERROR;
				GCC_WARN_UNDECLARED_SELECTOR = YES;
				GCC_WARN_UNINITIALIZED_AUTOS = YES_AGGRESSIVE;
				GCC_WARN_UNUSED_FUNCTION = YES;
				GCC_WARN_UNUSED_VARIABLE = YES;
				IPHONEOS_DEPLOYMENT_TARGET = 9.1;
				MTL_ENABLE_DEBUG_INFO = NO;
				SDKROOT = iphoneos;
				VALIDATE_PRODUCT = YES;
			};
			name = Release;
		};
		FE059F8F1C2F7B2E00B7A8F8 /* Debug */ = {
			isa = XCBuildConfiguration;
			buildSettings = {
				ASSETCATALOG_COMPILER_APPICON_NAME = AppIcon;
				INFOPLIST_FILE = MinesweeperTakeOne/Info.plist;
				LD_RUNPATH_SEARCH_PATHS = "$(inherited) @executable_path/Frameworks";
				PRODUCT_BUNDLE_IDENTIFIER = com.vinnie.MinesweeperTakeOne;
				PRODUCT_NAME = "$(TARGET_NAME)";
			};
			name = Debug;
		};
		FE059F901C2F7B2E00B7A8F8 /* Release */ = {
			isa = XCBuildConfiguration;
			buildSettings = {
				ASSETCATALOG_COMPILER_APPICON_NAME = AppIcon;
				INFOPLIST_FILE = MinesweeperTakeOne/Info.plist;
				LD_RUNPATH_SEARCH_PATHS = "$(inherited) @executable_path/Frameworks";
				PRODUCT_BUNDLE_IDENTIFIER = com.vinnie.MinesweeperTakeOne;
				PRODUCT_NAME = "$(TARGET_NAME)";
			};
			name = Release;
		};
/* End XCBuildConfiguration section */

/* Begin XCConfigurationList section */
		FE059F771C2F7B2E00B7A8F8 /* Build configuration list for PBXProject "MinesweeperTakeOne" */ = {
			isa = XCConfigurationList;
			buildConfigurations = (
				FE059F8C1C2F7B2E00B7A8F8 /* Debug */,
				FE059F8D1C2F7B2E00B7A8F8 /* Release */,
			);
			defaultConfigurationIsVisible = 0;
			defaultConfigurationName = Release;
		};
		FE059F8E1C2F7B2E00B7A8F8 /* Build configuration list for PBXNativeTarget "MinesweeperTakeOne" */ = {
			isa = XCConfigurationList;
			buildConfigurations = (
				FE059F8F1C2F7B2E00B7A8F8 /* Debug */,
				FE059F901C2F7B2E00B7A8F8 /* Release */,
			);
			defaultConfigurationIsVisible = 0;
			defaultConfigurationName = Release;
		};
/* End XCConfigurationList section */

/* Begin XCVersionGroup section */
		FEE87B5D1C45CE1700E1A473 /* Settings.xcdatamodeld */ = {
			isa = XCVersionGroup;
			children = (
				FEE87B5E1C45CE1700E1A473 /* Settings.xcdatamodel */,
			);
			currentVersion = FEE87B5E1C45CE1700E1A473 /* Settings.xcdatamodel */;
			path = Settings.xcdatamodeld;
			sourceTree = "<group>";
			versionGroupType = wrapper.xcdatamodel;
		};
/* End XCVersionGroup section */
	};
	rootObject = FE059F741C2F7B2E00B7A8F8 /* Project object */;
}
